
Microsoft Visual Studio Solution File, Format Version 12.00
# Visual Studio Version 16
VisualStudioVersion = 16.0.31613.86
MinimumVisualStudioVersion = 10.0.40219.1
Project("{9A19103F-16F7-4668-BE54-9A1E7A4F7556}") = "ContactBookAPI", "ContactBookAPI.csproj", "{2672DAE4-E913-42A3-B26D-8BB21D2FBFB8}"
EndProject
Project("{9A19103F-16F7-4668-BE54-9A1E7A4F7556}") = "ContactBook.BL", "..\ContactBook.BL\ContactBook.BL.csproj", "{105EB819-9E75-4912-8289-EAEC8AD71992}"
EndProject
Project("{9A19103F-16F7-4668-BE54-9A1E7A4F7556}") = "ContactBook.DB", "..\ContactBook.DB\ContactBook.DB.csproj", "{B5016A4F-E5B8-4950-BB61-E1FA48F4CD77}"
EndProject
Project("{9A19103F-16F7-4668-BE54-9A1E7A4F7556}") = "ContactBook.Model", "..\ContactBook.Model\ContactBook.Model.csproj", "{BA281726-C919-4121-AA61-3323699218F2}"
EndProject
Project("{FAE04EC0-301F-11D3-BF4B-00C04F79EFBC}") = "ContactBook.Utilities", "..\ContactBook.Utilities\ContactBook.Utilities.csproj", "{5F643CFC-CCC8-437D-BA67-385727662D5B}"
EndProject
Global
	GlobalSection(SolutionConfigurationPlatforms) = preSolution
		Debug|Any CPU = Debug|Any CPU
		Release|Any CPU = Release|Any CPU
	EndGlobalSection
	GlobalSection(ProjectConfigurationPlatforms) = postSolution
		{2672DAE4-E913-42A3-B26D-8BB21D2FBFB8}.Debug|Any CPU.ActiveCfg = Debug|Any CPU
		{2672DAE4-E913-42A3-B26D-8BB21D2FBFB8}.Debug|Any CPU.Build.0 = Debug|Any CPU
		{2672DAE4-E913-42A3-B26D-8BB21D2FBFB8}.Release|Any CPU.ActiveCfg = Release|Any CPU
		{2672DAE4-E913-42A3-B26D-8BB21D2FBFB8}.Release|Any CPU.Build.0 = Release|Any CPU
		{105EB819-9E75-4912-8289-EAEC8AD71992}.Debug|Any CPU.ActiveCfg = Debug|Any CPU
		{105EB819-9E75-4912-8289-EAEC8AD71992}.Debug|Any CPU.Build.0 = Debug|Any CPU
		{105EB819-9E75-4912-8289-EAEC8AD71992}.Release|Any CPU.ActiveCfg = Release|Any CPU
		{105EB819-9E75-4912-8289-EAEC8AD71992}.Release|Any CPU.Build.0 = Release|Any CPU
		{B5016A4F-E5B8-4950-BB61-E1FA48F4CD77}.Debug|Any CPU.ActiveCfg = Debug|Any CPU
		{B5016A4F-E5B8-4950-BB61-E1FA48F4CD77}.Debug|Any CPU.Build.0 = Debug|Any CPU
		{B5016A4F-E5B8-4950-BB61-E1FA48F4CD77}.Release|Any CPU.ActiveCfg = Release|Any CPU
		{B5016A4F-E5B8-4950-BB61-E1FA48F4CD77}.Release|Any CPU.Build.0 = Release|Any CPU
		{BA281726-C919-4121-AA61-3323699218F2}.Debug|Any CPU.ActiveCfg = Debug|Any CPU
		{BA281726-C919-4121-AA61-3323699218F2}.Debug|Any CPU.Build.0 = Debug|Any CPU
		{BA281726-C919-4121-AA61-3323699218F2}.Release|Any CPU.ActiveCfg = Release|Any CPU
		{BA281726-C919-4121-AA61-3323699218F2}.Release|Any CPU.Build.0 = Release|Any CPU
		{5F643CFC-CCC8-437D-BA67-385727662D5B}.Debug|Any CPU.ActiveCfg = Debug|Any CPU
		{5F643CFC-CCC8-437D-BA67-385727662D5B}.Debug|Any CPU.Build.0 = Debug|Any CPU
		{5F643CFC-CCC8-437D-BA67-385727662D5B}.Release|Any CPU.ActiveCfg = Release|Any CPU
		{5F643CFC-CCC8-437D-BA67-385727662D5B}.Release|Any CPU.Build.0 = Release|Any CPU
	EndGlobalSection
	GlobalSection(SolutionProperties) = preSolution
		HideSolutionNode = FALSE
	EndGlobalSection
	GlobalSection(ExtensibilityGlobals) = postSolution
		SolutionGuid = {3A898BC0-8AF3-4B51-A51A-13CD206D2DBC}
	EndGlobalSection
EndGlobal
